# THIS IS AN AUTOGENERATED FILE. DO NOT EDIT THIS FILE DIRECTLY.
# yarn lockfile v1


"@babel/runtime@^7.5.5":
  version "7.6.0"
  resolved "https://registry.yarnpkg.com/@babel/runtime/-/runtime-7.6.0.tgz#4fc1d642a9fd0299754e8b5de62c631cf5568205"
  integrity sha512-89eSBLJsxNxOERC0Op4vd+0Bqm6wRMqMbFtV3i0/fbaWw/mJ8Q3eBvgX0G4SyrOOLCtbu98HspF8o09MRT+KzQ==
  dependencies:
    regenerator-runtime "^0.13.2"

"@material/base@^1.0.0":
  version "1.0.0"
  resolved "https://registry.yarnpkg.com/@material/base/-/base-1.0.0.tgz#e4ef0b22c54aa887af94f5988fb1c0cb3245beba"
  integrity sha512-5dxFp46x5FA+Epg6YHLzN+5zRt9S2wR84UdvVAEJ1egea94m9UHUg7y9tAnNSN16aexRSywmzyLwPr+i8PGEYA==
  dependencies:
    tslib "^1.9.3"

"@material/mwc-base@^0.5.0":
  version "0.5.0"
  resolved "https://registry.yarnpkg.com/@material/mwc-base/-/mwc-base-0.5.0.tgz#21f9f237acea444b07a0fb1dfd45d30ef8f62374"
  integrity sha512-G0n5LCmeXs9QR/ptHgUmV043wUVN2Uq1CWxUeGisGEPCI5e/mt9ISk5/7MubO25yF9muQeQXxXdRt/kFc7xGCg==
  dependencies:
    "@material/base" "^1.0.0"
    lit-element "^2.0.1"
    lit-html "^1.0.0"

"@material/mwc-icon@^0.5.0":
  version "0.5.0"
  resolved "https://registry.yarnpkg.com/@material/mwc-icon/-/mwc-icon-0.5.0.tgz#432a1c5b7d817f1d04341b3c4bb8ef514cbd8cb6"
  integrity sha512-vDzNc3sYPm9I5cG//TiYM5BTt3zW283zC8F5mx2rmtK3E7/UXRZmT6b94rv9em7mEUv86DedYPzCzND8oXctxA==
  dependencies:
    "@material/mwc-base" "^0.5.0"

"@polymer/polymer@^3.2.0":
  version "3.3.0"
  resolved "https://registry.yarnpkg.com/@polymer/polymer/-/polymer-3.3.0.tgz#52a0665ac29654728e8f46e8ee178c02c49efdd0"
  integrity sha512-rij7suomS7DxdBamnwr/Xa0V5hpypf7I9oYKseF2FWz5Xh2a3wJNpVjgJy1adXVCxqIyPhghsrthnfCt7EblsQ==
  dependencies:
    "@webcomponents/shadycss" "^1.9.1"

"@webcomponents/shadycss@^1.9.1":
  version "1.9.1"
  resolved "https://registry.yarnpkg.com/@webcomponents/shadycss/-/shadycss-1.9.1.tgz#d769fbadfa504f11b84caeef26701f89070ec49a"
  integrity sha512-IaZOnWOKXHghqk/WfPNDRIgDBi3RsVPY2IFAw6tYiL9UBGvQRy5R6uC+Fk7qTZsReTJ0xh5MTT8yAcb3MUR4mQ==

hoist-non-react-statics@^3.3.0:
  version "3.3.0"
  resolved "https://registry.yarnpkg.com/hoist-non-react-statics/-/hoist-non-react-statics-3.3.0.tgz#b09178f0122184fb95acf525daaecb4d8f45958b"
  integrity sha512-0XsbTXxgiaCDYDIWFcwkmerZPSwywfUqYmwT4jzewKTQSWoE6FCMoUVOeBJWK3E/CrWbxRG3m5GzY4lnIwGRBA==
  dependencies:
    react-is "^16.7.0"

invariant@^2.2.4:
  version "2.2.4"
  resolved "https://registry.yarnpkg.com/invariant/-/invariant-2.2.4.tgz#610f3c92c9359ce1db616e538008d23ff35158e6"
  integrity sha512-phJfQVBuaJM5raOpJjSfkiD6BpbCE4Ns//LaXl6wGYtUBY83nWS6Rf9tXm2e8VaK60JEjYldbPif/A2B1C2gNA==
  dependencies:
    loose-envify "^1.0.0"

"js-tokens@^3.0.0 || ^4.0.0":
  version "4.0.0"
  resolved "https://registry.yarnpkg.com/js-tokens/-/js-tokens-4.0.0.tgz#19203fb59991df98e3a287050d4647cdeaf32499"
  integrity sha512-RdJUflcE3cUzKiMqQgsCu06FPu9UdIJO0beYbPhHN4k6apgJtifcoCtT9bcxOpYBtpD2kCM6Sbzg4CausW/PKQ==

lit-element@^2.0.1, lit-element@^2.1.0:
  version "2.2.1"
  resolved "https://registry.yarnpkg.com/lit-element/-/lit-element-2.2.1.tgz#79c94d8cfdc2d73b245656e37991bd1e4811d96f"
  integrity sha512-ipDcgQ1EpW6Va2Z6dWm79jYdimVepO5GL0eYkZrFvdr0OD/1N260Q9DH+K5HXHFrRoC7dOg+ZpED2XE0TgGdXw==
  dependencies:
    lit-html "^1.0.0"

lit-html@^1.0.0:
  version "1.1.2"
  resolved "https://registry.yarnpkg.com/lit-html/-/lit-html-1.1.2.tgz#2e3560a7075210243649c888ad738eaf0daa8374"
  integrity sha512-FFlUMKHKi+qG1x1iHNZ1hrtc/zHmfYTyrSvs3/wBTvaNtpZjOZGWzU7efGYVpgp6KvWeKF6ql9/KsCq6Z/mEDA==

loose-envify@^1.0.0, loose-envify@^1.4.0:
  version "1.4.0"
  resolved "https://registry.yarnpkg.com/loose-envify/-/loose-envify-1.4.0.tgz#71ee51fa7be4caec1a63839f7e682d8132d30caf"
  integrity sha512-lyuxPGr/Wfhrlem2CL/UcnUc1zcqKAImBDzukY7Y5F/yQiNdko6+fRLevlw1HgMySw7f611UIY408EtxRSoK3Q==
  dependencies:
    js-tokens "^3.0.0 || ^4.0.0"

object-assign@^4.1.1:
  version "4.1.1"
  resolved "https://registry.yarnpkg.com/object-assign/-/object-assign-4.1.1.tgz#2109adc7965887cfc05cbbd442cac8bfbb360863"
  integrity sha1-IQmtx5ZYh8/AXLvUQsrIv7s2CGM=

prop-types@^15.7.2:
  version "15.7.2"
  resolved "https://registry.yarnpkg.com/prop-types/-/prop-types-15.7.2.tgz#52c41e75b8c87e72b9d9360e0206b99dcbffa6c5"
  integrity sha512-8QQikdH7//R2vurIJSutZ1smHYTcLpRWEOlHnzcWHmBYrOGUysKwSsrC89BCiFj3CbrfJ/nXFdJepOVrY1GCHQ==
  dependencies:
    loose-envify "^1.4.0"
    object-assign "^4.1.1"
    react-is "^16.8.1"

react-is@^16.7.0, react-is@^16.8.1, react-is@^16.9.0:
  version "16.9.0"
  resolved "https://registry.yarnpkg.com/react-is/-/react-is-16.9.0.tgz#21ca9561399aad0ff1a7701c01683e8ca981edcb"
  integrity sha512-tJBzzzIgnnRfEm046qRcURvwQnZVXmuCbscxUO5RWrGTXpon2d4c8mI0D8WE6ydVIm29JiLB6+RslkIvym9Rjw==

react-redux@^7.1.1:
  version "7.1.1"
  resolved "https://registry.yarnpkg.com/react-redux/-/react-redux-7.1.1.tgz#ce6eee1b734a7a76e0788b3309bf78ff6b34fa0a"
  integrity sha512-QsW0vcmVVdNQzEkrgzh2W3Ksvr8cqpAv5FhEk7tNEft+5pp7rXxAudTz3VOPawRkLIepItpkEIyLcN/VVXzjTg==
  dependencies:
    "@babel/runtime" "^7.5.5"
    hoist-non-react-statics "^3.3.0"
    invariant "^2.2.4"
    loose-envify "^1.4.0"
    prop-types "^15.7.2"
    react-is "^16.9.0"

redux@^4.0.4:
  version "4.0.4"
  resolved "https://registry.yarnpkg.com/redux/-/redux-4.0.4.tgz#4ee1aeb164b63d6a1bcc57ae4aa0b6e6fa7a3796"
  integrity sha512-vKv4WdiJxOWKxK0yRoaK3Y4pxxB0ilzVx6dszU2W8wLxlb2yikRph4iV/ymtdJ6ZxpBLFbyrxklnT5yBbQSl3Q==
  dependencies:
    loose-envify "^1.4.0"
    symbol-observable "^1.2.0"

regenerator-runtime@^0.13.2:
  version "0.13.3"
  resolved "https://registry.yarnpkg.com/regenerator-runtime/-/regenerator-runtime-0.13.3.tgz#7cf6a77d8f5c6f60eb73c5fc1955b2ceb01e6bf5"
  integrity sha512-naKIZz2GQ8JWh///G7L3X6LaQUAMp2lvb1rvwwsURe/VXwD6VMfr+/1NuNw3ag8v2kY1aQ/go5SNn79O9JU7yw==

roughjs@^3.1.0:
  version "3.1.0"
  resolved "https://registry.yarnpkg.com/roughjs/-/roughjs-3.1.0.tgz#d011b9239fd1790e487bbfa204c98f1c786966ac"
  integrity sha512-WJIKyWxBlEIuMeK0foUZD1KVYzT6Dn62ksawZrlu3BzxUxgtPdnlCMDgX/C3N5gxj/AMRazstKOFm70tqTo5Bw==
  dependencies:
    workly "^1.2.0"

symbol-observable@^1.2.0:
  version "1.2.0"
  resolved "https://registry.yarnpkg.com/symbol-observable/-/symbol-observable-1.2.0.tgz#c22688aed4eab3cdc2dfeacbb561660560a00804"
  integrity sha512-e900nM8RRtGhlV36KGEU9k65K3mPb1WV70OdjfxlG2EAuM1noi/E/BaW/uMhL7bPEssK8QV57vN3esixjUvcXQ==

tslib@^1.9.3:
  version "1.10.0"
  resolved "https://registry.yarnpkg.com/tslib/-/tslib-1.10.0.tgz#c3c19f95973fb0a62973fb09d90d961ee43e5c8a"
  integrity sha512-qOebF53frne81cf0S9B41ByenJ3/IuH8yJKngAX35CmiZySA0khhkovshKK+jGCaMnVomla7gVlIcc3EvKPbTQ==

wired-button@^1.0.0:
  version "1.0.0"
  resolved "https://registry.yarnpkg.com/wired-button/-/wired-button-1.0.0.tgz#7b41220b4b1f03d34e318b16307b86f6153aebe4"
  integrity sha512-IUDrLpvLzLlUHOrakCb1QBLWbp1xhpoIMrrggnW7qG+4OWc/SR8N1FK1uBskqPjuqqRZPCPTBCO9QjRgKMgqjA==
  dependencies:
    wired-lib "^1.0.0"

wired-card@^1.0.0:
  version "1.0.0"
  resolved "https://registry.yarnpkg.com/wired-card/-/wired-card-1.0.0.tgz#586249dc480d3c6cd2f8606a4ae9e150905230a8"
  integrity sha512-GVHHU6wDppZBgGM/nl5sNzF6HMXjn43OJBjBKqo1SlIdpa4l0evZq/4D7h4mP0FYvxY9SuNNQLkOU3RvVuGeow==
  dependencies:
    wired-lib "^1.0.0"

wired-checkbox@^1.0.0:
  version "1.0.0"
  resolved "https://registry.yarnpkg.com/wired-checkbox/-/wired-checkbox-1.0.0.tgz#5165c1fd87ce271dbbd3b0933330c8a18eb35cea"
  integrity sha512-FTcBbtSHwT6DA2h01Y4lkUbsVrskPjTRNJ4EWNai4eN6FdAvf5vw+I4/d+6Dgatr495LLoaae2HqcEOqTE1I3A==
  dependencies:
    wired-lib "^1.0.0"

wired-combo@^1.0.0:
  version "1.0.0"
  resolved "https://registry.yarnpkg.com/wired-combo/-/wired-combo-1.0.0.tgz#9a1f49e2e3bb9206d42996d45f12d994dc428ead"
  integrity sha512-fqx6SVa5d0GbrmnhKiPvVvRGZV76Qr9RIIeC1j1SqnXyMYGcu/xElezbHaajbkoU4tr4c78N7YFGBbE5cZ5Qsg==
  dependencies:
    wired-card "^1.0.0"
    wired-item "^1.0.0"
    wired-lib "^1.0.0"

wired-elements@^1.0.0:
  version "1.0.0"
  resolved "https://registry.yarnpkg.com/wired-elements/-/wired-elements-1.0.0.tgz#6fe80fe763ba7249e5b09fb57648e2cda4a9ad3d"
  integrity sha512-bmn92m3ajJmkTt6jqXkbSjgBkcJeQahOBh3qglyEAaqrPM4ifhb42AKXwwNHMakCXgVOfIxGlNDDv5B+OObsLQ==
  dependencies:
    wired-button "^1.0.0"
    wired-card "^1.0.0"
    wired-checkbox "^1.0.0"
    wired-combo "^1.0.0"
    wired-fab "^1.0.0"
    wired-icon-button "^1.0.0"
    wired-input "^1.0.0"
    wired-item "^1.0.0"
    wired-lib "^1.0.0"
    wired-listbox "^1.0.0"
    wired-progress "^1.0.0"
    wired-radio "^1.0.0"
    wired-radio-group "^1.0.0"
    wired-slider "^1.0.0"
    wired-spinner "^1.0.0"
    wired-tabs "^1.0.0"
    wired-textarea "^1.0.0"
    wired-toggle "^1.0.0"
    wired-tooltip "^1.0.0"

wired-fab@^1.0.0:
  version "1.0.0"
  resolved "https://registry.yarnpkg.com/wired-fab/-/wired-fab-1.0.0.tgz#87022a36d8df14aa48d6b0bb7425d649dce357e5"
  integrity sha512-FJ6mu3btoX/vnJwtDQ7gDCJQj4HBOtTezpwH8Gse7SwWbQJwRKIgPyaDkFyeHdYERF18G2uDQuIwUXoVSVWmqg==
  dependencies:
    "@material/mwc-icon" "^0.5.0"
    wired-lib "^1.0.0"

wired-icon-button@^1.0.0:
  version "1.0.0"
  resolved "https://registry.yarnpkg.com/wired-icon-button/-/wired-icon-button-1.0.0.tgz#4d73ccb6a4031bc4b7f4dadcaa4c93fc1471ee53"
  integrity sha512-Krkm6lkUdkEM3yeR/H6MMYV0Q3ej/yN9pxu9KYIWeo1caqYbj3ENNnyAOLyoxeDbX2DWuyFkB4RCDFLGzKAGeQ==
  dependencies:
    "@material/mwc-icon" "^0.5.0"
    wired-lib "^1.0.0"

wired-input@^1.0.0:
  version "1.0.0"
  resolved "https://registry.yarnpkg.com/wired-input/-/wired-input-1.0.0.tgz#3e5e8b23b679ab66c0820dbb17304544d0f629fd"
  integrity sha512-7m6yitMjMYtLN6OqaSfctfgGhN7dnSyRej5mEisboCPDwGBVmqSqj3mTSaHife4Lceu5jMRmrEUJQWCevozwyw==
  dependencies:
    wired-lib "^1.0.0"

wired-item@^1.0.0:
  version "1.0.0"
  resolved "https://registry.yarnpkg.com/wired-item/-/wired-item-1.0.0.tgz#95cb192afe03b0722ec718604fd89ee4f2d19f34"
  integrity sha512-eJMRzp0nKRVTZSoAbKM5P1hM/vf3NyHftvL70Sg6sj8nqTVNoPvcErRPuVArvu6EcCNR0N3EKn72/Rf47O4uYg==
  dependencies:
    wired-lib "^1.0.0"

wired-lib@^1.0.0:
  version "1.0.0"
  resolved "https://registry.yarnpkg.com/wired-lib/-/wired-lib-1.0.0.tgz#c3ddef379708fe5e7febe0b2fe8cff051b76b99f"
  integrity sha512-lEHQQkb8tDZdCrziCAW29GkGs/i23a+ZL68naDs+m0q2ZOdL1yNSjwUIgubmhW0Wv7QRQ0hWd6i/FT/r8SsYVQ==
  dependencies:
    lit-element "^2.1.0"
    roughjs "^3.1.0"

wired-listbox@^1.0.0:
  version "1.0.0"
  resolved "https://registry.yarnpkg.com/wired-listbox/-/wired-listbox-1.0.0.tgz#48650de5b4d3b75edfbe61378febccc1f0bef5ae"
  integrity sha512-F8LBJQme+3P1n2BQmWacHWZ2n8Vj5YIxUNpCws9NfebGdXz6j6ayRkJsRReTzu9vZ6n6FjKv/DvnFIxa6UdPfA==
  dependencies:
    wired-item "^1.0.0"
    wired-lib "^1.0.0"

wired-progress@^1.0.0:
  version "1.0.0"
  resolved "https://registry.yarnpkg.com/wired-progress/-/wired-progress-1.0.0.tgz#1950901220b669412aaced4a02c698dad81fdc0e"
  integrity sha512-gELShZ6VVPszWHrRdU7LzdjDGnKlalSJsdvZufT0ebJmredW2z5s5aSTjNMhSatnvCSMO2kWjy6KjFvjws8WGw==
  dependencies:
    wired-lib "^1.0.0"

wired-radio-group@^1.0.0:
  version "1.0.0"
  resolved "https://registry.yarnpkg.com/wired-radio-group/-/wired-radio-group-1.0.0.tgz#ac79c7bb5f6c9798efde516bac18c93eed1c16eb"
  integrity sha512-hRDNdGo4s0LP2zPuBeNyAcQ4Oz4AGot+rhzMslHD4QkkUDM987pimPMxCdCB7dMXH7gCAHLL3KLPLtFjcRdkAQ==
  dependencies:
    wired-lib "^1.0.0"

wired-radio@^1.0.0:
  version "1.0.0"
  resolved "https://registry.yarnpkg.com/wired-radio/-/wired-radio-1.0.0.tgz#4df13fd9163c8c047b498cac52eac83de5f1b577"
  integrity sha512-t7KLGwb8DCLXNTBOsfbNIIGQGX42mNOGwhuCuqpVpFfis8gn3NlbK7PoJvzP8g4fBnCZQcsvuhrs6ILN/03M2Q==
  dependencies:
    wired-lib "^1.0.0"

wired-slider@^1.0.0:
  version "1.0.0"
  resolved "https://registry.yarnpkg.com/wired-slider/-/wired-slider-1.0.0.tgz#a7eec72bca8dbfa8608249df9b3857d1798cc9d5"
  integrity sha512-tviS1CdWo8SR3cOisZf1QjzjXJAIUfVBw6FeDnqv8c5IA2+1x9BsuGYYBUqq1skfv/lj51nfQ3w55CYyGToP3w==
  dependencies:
    "@polymer/polymer" "^3.2.0"
    wired-lib "^1.0.0"

wired-spinner@^1.0.0:
  version "1.0.0"
  resolved "https://registry.yarnpkg.com/wired-spinner/-/wired-spinner-1.0.0.tgz#c75e169a95fb5c36c2f7da00467318b52b6c9539"
  integrity sha512-srckPYKZk4WM41GqhvXQY2OGp78C+zvINrrgXg5QAs7apS/V1n/139MeyQuWDwqqa21HxCZfmEFwOzRYsSQ7/A==
  dependencies:
    wired-lib "^1.0.0"

wired-tabs@^1.0.0:
  version "1.0.0"
  resolved "https://registry.yarnpkg.com/wired-tabs/-/wired-tabs-1.0.0.tgz#e5f895562f6f5bff35e41279104dc4ef339fbd01"
  integrity sha512-GLjzSTQAIrlgspCZKQW+ICnbIyrAUIgXvRER5PH0GlaNZhMYpBMOAz4VnqjfLtthCNmdY0N3qFdzf9dF3Wu/0w==
  dependencies:
    wired-card "^1.0.0"
    wired-item "^1.0.0"
    wired-lib "^1.0.0"

wired-textarea@^1.0.0:
  version "1.0.0"
  resolved "https://registry.yarnpkg.com/wired-textarea/-/wired-textarea-1.0.0.tgz#2cb4f94693fb803058193e4f0c73232d1dfec14d"
  integrity sha512-0At2Ck0dZLok8+OXbZS/Vv50KHCllRkIb2ZEU+BoxcTkBDcRtYouzIueZ/PAiSuHdoLyUFXf6NWQAuWDbNaDyQ==
  dependencies:
    wired-lib "^1.0.0"

wired-toggle@^1.0.0:
  version "1.0.0"
  resolved "https://registry.yarnpkg.com/wired-toggle/-/wired-toggle-1.0.0.tgz#05000176a7554523db11cbcda4222155e6c4f1f5"
  integrity sha512-R3DO7tuUYoFrj92uW9+5EXgQbtZxJ6AnKxcEVjkyOTpJORXhnSqRvYh8ROQDKlNHXIJcqeOc7dL8dSBbIyo2Rg==
  dependencies:
    wired-lib "^1.0.0"

wired-tooltip@^1.0.0:
  version "1.0.0"
  resolved "https://registry.yarnpkg.com/wired-tooltip/-/wired-tooltip-1.0.0.tgz#6ea3244028ff0e8af409503ad5dff2b081ff067f"
  integrity sha512-pxoAsqYx7FemEC/h8rQk/4GsuH6xo5x833Wn0SzPDNZbcEFKXitxaN7kwvad5naVLN5WTcwTGiWS7LjuPAJ5uw==
  dependencies:
    wired-lib "^1.0.0"

workly@^1.2.0:
  version "1.3.0"
  resolved "https://registry.yarnpkg.com/workly/-/workly-1.3.0.tgz#86cd453139732ef1540ed7f094e058a3e879ba43"
  integrity sha512-eozpibnwnyvsWJEoADCfo3171Ncl4J/57PQnZN37eoVgQG7buf3KEpPNfewDKH4OXf3eAZaUAF57i4ko5zY9Cw==
